{
  "name": "nuxt-frontend",
  "lockfileVersion": 3,
  "requires": true,
  "packages": {
    "": {
      "name": "nuxt-frontend",
      "hasInstallScript": true,
      "dependencies": {
        "nuxt": "^3.15.2",
        "vue": "latest",
        "vue-router": "latest"
      },
      "devDependencies": {
        "@eslint/js": "^9.18.0",
        "@typescript-eslint/eslint-plugin": "^8.0.0",
        "@typescript-eslint/parser": "^8.0.0",
        "eslint": "^9.18.0",
        "eslint-config-prettier": "^9.1.0",
        "eslint-plugin-prettier": "^5.2.3",
        "eslint-plugin-prettier-vue": "^5.0.0",
        "eslint-plugin-vue": "^9.32.0",
        "globals": "^15.14.0",
        "typescript": "^5.7.3",
        "typescript-eslint": "^8.21.0"
      }
    },
    "../../node_modules/.pnpm/@eslint+js@9.18.0/node_modules/@eslint/js": {
      "version": "9.18.0",
      "dev": true,
      "license": "MIT",
      "engines": {
        "node": "^18.18.0 || ^20.9.0 || >=21.1.0"
      }
    },
    "../../node_modules/.pnpm/@types+eslint-config-prettier@6.11.3/node_modules/@types/eslint-config-prettier": {
      "version": "6.11.3",
      "extraneous": true,
      "license": "MIT"
    },
    "../../node_modules/.pnpm/@typescript-eslint+eslint-plugin@8.21.0_@typescript-eslint+parser@8.21.0_eslint@9.18.0_jiti@2_g6j5c75boy27uik35ipferscsy/node_modules/@typescript-eslint/eslint-plugin": {
      "version": "8.21.0",
      "dev": true,
      "license": "MIT",
      "dependencies": {
        "@eslint-community/regexpp": "^4.10.0",
        "@typescript-eslint/scope-manager": "8.21.0",
        "@typescript-eslint/type-utils": "8.21.0",
        "@typescript-eslint/utils": "8.21.0",
        "@typescript-eslint/visitor-keys": "8.21.0",
        "graphemer": "^1.4.0",
        "ignore": "^5.3.1",
        "natural-compare": "^1.4.0",
        "ts-api-utils": "^2.0.0"
      },
      "devDependencies": {
        "@jest/types": "29.6.3",
        "@types/marked": "^5.0.2",
        "@types/mdast": "^4.0.3",
        "@types/natural-compare": "*",
        "@typescript-eslint/rule-schema-to-typescript-types": "8.21.0",
        "@typescript-eslint/rule-tester": "8.21.0",
        "ajv": "^6.12.6",
        "cross-env": "^7.0.3",
        "cross-fetch": "*",
        "eslint": "*",
        "jest": "29.7.0",
        "jest-specific-snapshot": "^8.0.0",
        "json-schema": "*",
        "markdown-table": "^3.0.3",
        "marked": "^5.1.2",
        "mdast-util-from-markdown": "^2.0.0",
        "mdast-util-mdx": "^3.0.0",
        "micromark-extension-mdxjs": "^3.0.0",
        "prettier": "^3.2.5",
        "rimraf": "*",
        "title-case": "^3.0.3",
        "tsx": "*",
        "typescript": "*",
        "unist-util-visit": "^5.0.0"
      },
      "engines": {
        "node": "^18.18.0 || ^20.9.0 || >=21.1.0"
      },
      "funding": {
        "type": "opencollective",
        "url": "https://opencollective.com/typescript-eslint"
      },
      "peerDependencies": {
        "@typescript-eslint/parser": "^8.0.0 || ^8.0.0-alpha.0",
        "eslint": "^8.57.0 || ^9.0.0",
        "typescript": ">=4.8.4 <5.8.0"
      }
    },
    "../../node_modules/.pnpm/@typescript-eslint+parser@8.21.0_eslint@9.18.0_jiti@2.4.2__typescript@5.7.3/node_modules/@typescript-eslint/parser": {
      "version": "8.21.0",
      "dev": true,
      "license": "MIT",
      "dependencies": {
        "@typescript-eslint/scope-manager": "8.21.0",
        "@typescript-eslint/types": "8.21.0",
        "@typescript-eslint/typescript-estree": "8.21.0",
        "@typescript-eslint/visitor-keys": "8.21.0",
        "debug": "^4.3.4"
      },
      "devDependencies": {
        "@jest/types": "29.6.3",
        "@types/glob": "*",
        "downlevel-dts": "*",
        "glob": "*",
        "jest": "29.7.0",
        "prettier": "^3.2.5",
        "rimraf": "*",
        "typescript": "*"
      },
      "engines": {
        "node": "^18.18.0 || ^20.9.0 || >=21.1.0"
      },
      "funding": {
        "type": "opencollective",
        "url": "https://opencollective.com/typescript-eslint"
      },
      "peerDependencies": {
        "eslint": "^8.57.0 || ^9.0.0",
        "typescript": ">=4.8.4 <5.8.0"
      }
    },
    "../../node_modules/.pnpm/eslint-config-prettier@9.1.0_eslint@9.18.0_jiti@2.4.2_/node_modules/eslint-config-prettier": {
      "version": "9.1.0",
      "dev": true,
      "license": "MIT",
      "bin": {
        "eslint-config-prettier": "bin/cli.js"
      },
      "peerDependencies": {
        "eslint": ">=7.0.0"
      }
    },
    "../../node_modules/.pnpm/eslint-plugin-prettier@5.2.3_@types+eslint@9.6.1_eslint-config-prettier@9.1.0_eslint@9.18.0_j_gu26dqs5qc6s4f5v5jlvpcnz2q/node_modules/eslint-plugin-prettier": {
      "version": "5.2.3",
      "dev": true,
      "license": "MIT",
      "dependencies": {
        "prettier-linter-helpers": "^1.0.0",
        "synckit": "^0.9.1"
      },
      "devDependencies": {
        "@1stg/remark-preset": "^2.0.0",
        "@changesets/changelog-github": "^0.5.0",
        "@changesets/cli": "^2.27.1",
        "@commitlint/config-conventional": "^18.4.3",
        "@eslint-community/eslint-plugin-eslint-comments": "^4.4.1",
        "@eslint/js": "^8.56.0",
        "@graphql-eslint/eslint-plugin": "^3.20.1",
        "@html-eslint/parser": "^0.24.1",
        "@prettier/plugin-pug": "^3.0.0",
        "@types/eslint": "^8.56.0",
        "@types/prettier-linter-helpers": "^1.0.4",
        "commitlint": "^18.4.3",
        "eslint": "^8.56.0",
        "eslint-config-prettier": "^9.1.0",
        "eslint-formatter-friendly": "^7.0.0",
        "eslint-mdx": "^2.3.0",
        "eslint-plugin-eslint-plugin": "^5.2.1",
        "eslint-plugin-mdx": "^2.3.0",
        "eslint-plugin-n": "^16.5.0",
        "eslint-plugin-prettier": "link:.",
        "eslint-plugin-pug": "^1.2.5",
        "eslint-plugin-svelte": "^2.35.1",
        "eslint-plugin-svelte3": "^4.0.0",
        "graphql": "^16.8.1",
        "lint-staged": "^15.2.0",
        "mocha": "^10.2.0",
        "prettier": "^3.1.1",
        "prettier-plugin-pkg": "^0.18.0",
        "prettier-plugin-svelte": "^3.1.2",
        "simple-git-hooks": "^2.9.0",
        "svelte": "^4.2.8",
        "vue-eslint-parser": "^9.3.2"
      },
      "engines": {
        "node": "^14.18.0 || >=16.0.0"
      },
      "funding": {
        "url": "https://opencollective.com/eslint-plugin-prettier"
      },
      "peerDependencies": {
        "@types/eslint": ">=8.0.0",
        "eslint": ">=8.0.0",
        "eslint-config-prettier": "*",
        "prettier": ">=3.0.0"
      },
      "peerDependenciesMeta": {
        "@types/eslint": {
          "optional": true
        },
        "eslint-config-prettier": {
          "optional": true
        }
      }
    },
    "../../node_modules/.pnpm/eslint-plugin-vue@9.32.0_eslint@9.18.0_jiti@2.4.2_/node_modules/eslint-plugin-vue": {
      "version": "9.32.0",
      "dev": true,
      "license": "MIT",
      "dependencies": {
        "@eslint-community/eslint-utils": "^4.4.0",
        "globals": "^13.24.0",
        "natural-compare": "^1.4.0",
        "nth-check": "^2.1.1",
        "postcss-selector-parser": "^6.0.15",
        "semver": "^7.6.3",
        "vue-eslint-parser": "^9.4.3",
        "xml-name-validator": "^4.0.0"
      },
      "devDependencies": {
        "@ota-meshi/site-kit-eslint-editor-vue": "^0.2.4",
        "@stylistic/eslint-plugin": "~2.10.0",
        "@types/eslint": "^8.56.2",
        "@types/eslint-visitor-keys": "^3.3.2",
        "@types/natural-compare": "^1.4.3",
        "@types/node": "^14.18.63",
        "@types/semver": "^7.5.8",
        "@types/xml-name-validator": "^4.0.3",
        "@typescript-eslint/parser": "^7.18.0",
        "@typescript-eslint/types": "^7.18.0",
        "assert": "^2.1.0",
        "env-cmd": "^10.1.0",
        "esbuild": "^0.24.0",
        "eslint": "^8.57.0",
        "eslint-config-prettier": "^9.1.0",
        "eslint-plugin-eslint-plugin": "~6.3.1",
        "eslint-plugin-import": "^2.31.0",
        "eslint-plugin-jsonc": "^2.16.0",
        "eslint-plugin-node-dependencies": "^0.12.0",
        "eslint-plugin-prettier": "^5.2.1",
        "eslint-plugin-unicorn": "^56.0.0",
        "eslint-plugin-vue": "file:.",
        "espree": "^9.6.1",
        "events": "^3.3.0",
        "markdownlint-cli": "^0.42.0",
        "mocha": "^10.7.3",
        "nyc": "^17.1.0",
        "pathe": "^1.1.2",
        "prettier": "^3.3.3",
        "typescript": "^5.6.3",
        "vitepress": "^1.4.1"
      },
      "engines": {
        "node": "^14.17.0 || >=16.0.0"
      },
      "peerDependencies": {
        "eslint": "^6.2.0 || ^7.0.0 || ^8.0.0 || ^9.0.0"
      }
    },
    "../../node_modules/.pnpm/eslint@9.18.0_jiti@2.4.2/node_modules/eslint": {
      "version": "9.18.0",
      "dev": true,
      "license": "MIT",
      "dependencies": {
        "@eslint-community/eslint-utils": "^4.2.0",
        "@eslint-community/regexpp": "^4.12.1",
        "@eslint/config-array": "^0.19.0",
        "@eslint/core": "^0.10.0",
        "@eslint/eslintrc": "^3.2.0",
        "@eslint/js": "9.18.0",
        "@eslint/plugin-kit": "^0.2.5",
        "@humanfs/node": "^0.16.6",
        "@humanwhocodes/module-importer": "^1.0.1",
        "@humanwhocodes/retry": "^0.4.1",
        "@types/estree": "^1.0.6",
        "@types/json-schema": "^7.0.15",
        "ajv": "^6.12.4",
        "chalk": "^4.0.0",
        "cross-spawn": "^7.0.6",
        "debug": "^4.3.2",
        "escape-string-regexp": "^4.0.0",
        "eslint-scope": "^8.2.0",
        "eslint-visitor-keys": "^4.2.0",
        "espree": "^10.3.0",
        "esquery": "^1.5.0",
        "esutils": "^2.0.2",
        "fast-deep-equal": "^3.1.3",
        "file-entry-cache": "^8.0.0",
        "find-up": "^5.0.0",
        "glob-parent": "^6.0.2",
        "ignore": "^5.2.0",
        "imurmurhash": "^0.1.4",
        "is-glob": "^4.0.0",
        "json-stable-stringify-without-jsonify": "^1.0.1",
        "lodash.merge": "^4.6.2",
        "minimatch": "^3.1.2",
        "natural-compare": "^1.4.0",
        "optionator": "^0.9.3"
      },
      "bin": {
        "eslint": "bin/eslint.js"
      },
      "devDependencies": {
        "@arethetypeswrong/cli": "^0.17.0",
        "@babel/core": "^7.4.3",
        "@babel/preset-env": "^7.4.3",
        "@eslint/json": "^0.9.0",
        "@trunkio/launcher": "^1.3.0",
        "@types/node": "^20.11.5",
        "@typescript-eslint/parser": "^8.4.0",
        "@wdio/browser-runner": "^9.2.4",
        "@wdio/cli": "^9.2.4",
        "@wdio/concise-reporter": "^9.2.2",
        "@wdio/mocha-framework": "^9.2.2",
        "babel-loader": "^8.0.5",
        "c8": "^7.12.0",
        "chai": "^4.0.1",
        "cheerio": "^0.22.0",
        "common-tags": "^1.8.0",
        "core-js": "^3.1.3",
        "ejs": "^3.0.2",
        "eslint": "file:.",
        "eslint-config-eslint": "file:packages/eslint-config-eslint",
        "eslint-plugin-eslint-plugin": "^6.0.0",
        "eslint-plugin-expect-type": "^0.6.0",
        "eslint-plugin-yml": "^1.14.0",
        "eslint-release": "^3.3.0",
        "eslint-rule-composer": "^0.3.0",
        "eslump": "^3.0.0",
        "esprima": "^4.0.1",
        "fast-glob": "^3.2.11",
        "fs-teardown": "^0.1.3",
        "glob": "^10.0.0",
        "globals": "^15.0.0",
        "got": "^11.8.3",
        "gray-matter": "^4.0.3",
        "jiti": "^2.1.0",
        "knip": "^5.32.0",
        "lint-staged": "^11.0.0",
        "load-perf": "^0.2.0",
        "markdown-it": "^12.2.0",
        "markdown-it-container": "^3.0.0",
        "marked": "^4.0.8",
        "metascraper": "^5.25.7",
        "metascraper-description": "^5.25.7",
        "metascraper-image": "^5.29.3",
        "metascraper-logo": "^5.25.7",
        "metascraper-logo-favicon": "^5.25.7",
        "metascraper-title": "^5.25.7",
        "mocha": "^10.7.3",
        "node-polyfill-webpack-plugin": "^1.0.3",
        "npm-license": "^0.3.3",
        "pirates": "^4.0.5",
        "progress": "^2.0.3",
        "proxyquire": "^2.0.1",
        "recast": "^0.23.0",
        "regenerator-runtime": "^0.14.0",
        "rollup-plugin-node-polyfills": "^0.2.1",
        "semver": "^7.5.3",
        "shelljs": "^0.8.5",
        "sinon": "^11.0.0",
        "typescript": "^5.3.3",
        "vite-plugin-commonjs": "^0.10.0",
        "webpack": "^5.23.0",
        "webpack-cli": "^4.5.0",
        "yorkie": "^2.0.0"
      },
      "engines": {
        "node": "^18.18.0 || ^20.9.0 || >=21.1.0"
      },
      "funding": {
        "url": "https://eslint.org/donate"
      },
      "peerDependencies": {
        "jiti": "*"
      },
      "peerDependenciesMeta": {
        "jiti": {
          "optional": true
        }
      }
    },
    "../../node_modules/.pnpm/globals@15.14.0/node_modules/globals": {
      "version": "15.14.0",
      "dev": true,
      "license": "MIT",
      "devDependencies": {
        "@vitest/eslint-plugin": "^1.1.18",
        "ava": "^6.1.3",
        "cheerio": "^1.0.0-rc.12",
        "eslint-plugin-jest": "^28.8.3",
        "execa": "^9.4.0",
        "get-port": "^7.1.0",
        "npm-run-all2": "^6.2.3",
        "outdent": "^0.8.0",
        "puppeteer": "^23.4.1",
        "shelljs": "^0.8.5",
        "tsd": "^0.31.2",
        "type-fest": "^4.26.1",
        "xo": "^0.59.3"
      },
      "engines": {
        "node": ">=18"
      },
      "funding": {
        "url": "https://github.com/sponsors/sindresorhus"
      }
    },
    "../../node_modules/.pnpm/nuxt@3.15.2_@parcel+watcher@2.5.0_@types+node@20.17.16_db0@0.2.1_eslint@9.18.0_jiti@2.4.2__io_aru2fehlqt7amlovcvvorp2tb4/node_modules/nuxt": {
      "version": "3.15.2",
      "license": "MIT",
      "dependencies": {
        "@nuxt/cli": "^3.20.0",
        "@nuxt/devalue": "^2.0.2",
        "@nuxt/devtools": "^1.7.0",
        "@nuxt/kit": "3.15.2",
        "@nuxt/schema": "3.15.2",
        "@nuxt/telemetry": "^2.6.4",
        "@nuxt/vite-builder": "3.15.2",
        "@unhead/dom": "^1.11.18",
        "@unhead/shared": "^1.11.18",
        "@unhead/ssr": "^1.11.18",
        "@unhead/vue": "^1.11.18",
        "@vue/shared": "^3.5.13",
        "acorn": "8.14.0",
        "c12": "^2.0.1",
        "chokidar": "^4.0.3",
        "compatx": "^0.1.8",
        "consola": "^3.4.0",
        "cookie-es": "^1.2.2",
        "defu": "^6.1.4",
        "destr": "^2.0.3",
        "devalue": "^5.1.1",
        "errx": "^0.1.0",
        "esbuild": "^0.24.2",
        "escape-string-regexp": "^5.0.0",
        "estree-walker": "^3.0.3",
        "globby": "^14.0.2",
        "h3": "^1.13.1",
        "hookable": "^5.5.3",
        "ignore": "^7.0.3",
        "impound": "^0.2.0",
        "jiti": "^2.4.2",
        "klona": "^2.0.6",
        "knitwork": "^1.2.0",
        "magic-string": "^0.30.17",
        "mlly": "^1.7.4",
        "nanotar": "^0.1.1",
        "nitropack": "^2.10.4",
        "nypm": "^0.4.1",
        "ofetch": "^1.4.1",
        "ohash": "^1.1.4",
        "pathe": "^2.0.1",
        "perfect-debounce": "^1.0.0",
        "pkg-types": "^1.3.1",
        "radix3": "^1.1.2",
        "scule": "^1.3.0",
        "semver": "^7.6.3",
        "std-env": "^3.8.0",
        "strip-literal": "^3.0.0",
        "tinyglobby": "0.2.10",
        "ufo": "^1.5.4",
        "ultrahtml": "^1.5.3",
        "uncrypto": "^0.1.3",
        "unctx": "^2.4.1",
        "unenv": "^1.10.0",
        "unhead": "^1.11.18",
        "unimport": "^3.14.6",
        "unplugin": "^2.1.2",
        "unplugin-vue-router": "^0.10.9",
        "unstorage": "^1.14.4",
        "untyped": "^1.5.2",
        "vue": "^3.5.13",
        "vue-bundle-renderer": "^2.1.1",
        "vue-devtools-stub": "^0.1.0",
        "vue-router": "^4.5.0"
      },
      "bin": {
        "nuxi": "bin/nuxt.mjs",
        "nuxt": "bin/nuxt.mjs"
      },
      "devDependencies": {
        "@nuxt/scripts": "0.9.5",
        "@parcel/watcher": "2.5.0",
        "@types/estree": "1.0.6",
        "@vitejs/plugin-vue": "5.2.1",
        "@vue/compiler-sfc": "3.5.13",
        "unbuild": "latest",
        "vite": "6.0.7",
        "vitest": "2.1.8"
      },
      "engines": {
        "node": "^18.20.5 || ^20.9.0 || >=22.0.0"
      },
      "peerDependencies": {
        "@parcel/watcher": "^2.1.0",
        "@types/node": "^18.0.0 || ^20.0.0 || >=22.0.0"
      },
      "peerDependenciesMeta": {
        "@parcel/watcher": {
          "optional": true
        },
        "@types/node": {
          "optional": true
        }
      }
    },
    "../../node_modules/.pnpm/prettier@3.4.2/node_modules/prettier": {
      "version": "3.4.2",
      "dev": true,
      "license": "MIT",
      "bin": {
        "prettier": "bin/prettier.cjs"
      },
      "engines": {
        "node": ">=14"
      },
      "funding": {
        "url": "https://github.com/prettier/prettier?sponsor=1"
      }
    },
    "../../node_modules/.pnpm/typescript-eslint@8.21.0_eslint@9.18.0_jiti@2.4.2__typescript@5.7.3/node_modules/typescript-eslint": {
      "version": "8.21.0",
      "dev": true,
      "license": "MIT",
      "dependencies": {
        "@typescript-eslint/eslint-plugin": "8.21.0",
        "@typescript-eslint/parser": "8.21.0",
        "@typescript-eslint/utils": "8.21.0"
      },
      "devDependencies": {
        "@jest/types": "29.6.3",
        "downlevel-dts": "*",
        "jest": "29.7.0",
        "prettier": "^3.2.5",
        "rimraf": "*",
        "typescript": "*"
      },
      "engines": {
        "node": "^18.18.0 || ^20.9.0 || >=21.1.0"
      },
      "funding": {
        "type": "opencollective",
        "url": "https://opencollective.com/typescript-eslint"
      },
      "peerDependencies": {
        "eslint": "^8.57.0 || ^9.0.0",
        "typescript": ">=4.8.4 <5.8.0"
      }
    },
    "../../node_modules/.pnpm/typescript@5.7.3/node_modules/typescript": {
      "version": "5.7.3",
      "devOptional": true,
      "license": "Apache-2.0",
      "bin": {
        "tsc": "bin/tsc",
        "tsserver": "bin/tsserver"
      },
      "devDependencies": {
        "@dprint/formatter": "^0.4.1",
        "@dprint/typescript": "0.93.0",
        "@esfx/canceltoken": "^1.0.0",
        "@eslint/js": "^9.11.1",
        "@octokit/rest": "^21.0.2",
        "@types/chai": "^4.3.20",
        "@types/diff": "^5.2.2",
        "@types/minimist": "^1.2.5",
        "@types/mocha": "^10.0.8",
        "@types/ms": "^0.7.34",
        "@types/node": "latest",
        "@types/source-map-support": "^0.5.10",
        "@types/which": "^3.0.4",
        "@typescript-eslint/rule-tester": "^8.8.0",
        "@typescript-eslint/type-utils": "^8.8.0",
        "@typescript-eslint/utils": "^8.8.0",
        "azure-devops-node-api": "^14.1.0",
        "c8": "^10.1.2",
        "chai": "^4.5.0",
        "chalk": "^4.1.2",
        "chokidar": "^3.6.0",
        "diff": "^5.2.0",
        "dprint": "^0.47.2",
        "esbuild": "^0.24.0",
        "eslint": "^9.11.1",
        "eslint-formatter-autolinkable-stylish": "^1.4.0",
        "eslint-plugin-regexp": "^2.6.0",
        "fast-xml-parser": "^4.5.0",
        "glob": "^10.4.5",
        "globals": "^15.9.0",
        "hereby": "^1.10.0",
        "jsonc-parser": "^3.3.1",
        "knip": "^5.30.6",
        "minimist": "^1.2.8",
        "mocha": "^10.7.3",
        "mocha-fivemat-progress-reporter": "^0.1.0",
        "monocart-coverage-reports": "^2.11.0",
        "ms": "^2.1.3",
        "playwright": "^1.47.2",
        "source-map-support": "^0.5.21",
        "tslib": "^2.7.0",
        "typescript": "^5.6.2",
        "typescript-eslint": "^8.8.0",
        "which": "^3.0.1"
      },
      "engines": {
        "node": ">=14.17"
      }
    },
    "node_modules/@babel/helper-string-parser": {
      "version": "7.25.9",
      "resolved": "https://registry.npmjs.org/@babel/helper-string-parser/-/helper-string-parser-7.25.9.tgz",
      "integrity": "sha512-4A/SCr/2KLd5jrtOMFzaKjVtAei3+2r/NChoBNoZ3EyP/+GlhoaEGoWOZUmFmoITP7zOJyHIMm+DYRd8o3PvHA==",
      "license": "MIT",
      "engines": {
        "node": ">=6.9.0"
      }
    },
    "node_modules/@babel/helper-validator-identifier": {
      "version": "7.25.9",
      "resolved": "https://registry.npmjs.org/@babel/helper-validator-identifier/-/helper-validator-identifier-7.25.9.tgz",
      "integrity": "sha512-Ed61U6XJc3CVRfkERJWDz4dJwKe7iLmmJsbOGu9wSloNSFttHV0I8g6UAgb7qnK5ly5bGLPd4oXZlxCdANBOWQ==",
      "license": "MIT",
      "engines": {
        "node": ">=6.9.0"
      }
    },
    "node_modules/@babel/parser": {
      "version": "7.26.5",
      "resolved": "https://registry.npmjs.org/@babel/parser/-/parser-7.26.5.tgz",
      "integrity": "sha512-SRJ4jYmXRqV1/Xc+TIVG84WjHBXKlxO9sHQnA2Pf12QQEAp1LOh6kDzNHXcUnbH1QI0FDoPPVOt+vyUDucxpaw==",
      "license": "MIT",
      "dependencies": {
        "@babel/types": "^7.26.5"
      },
      "bin": {
        "parser": "bin/babel-parser.js"
      },
      "engines": {
        "node": ">=6.0.0"
      }
    },
    "node_modules/@babel/types": {
      "version": "7.26.5",
      "resolved": "https://registry.npmjs.org/@babel/types/-/types-7.26.5.tgz",
      "integrity": "sha512-L6mZmwFDK6Cjh1nRCLXpa6no13ZIioJDz7mdkzHv399pThrTa/k0nUlNaenOeh2kWu/iaOQYElEpKPUswUa9Vg==",
      "license": "MIT",
      "dependencies": {
        "@babel/helper-string-parser": "^7.25.9",
        "@babel/helper-validator-identifier": "^7.25.9"
      },
      "engines": {
        "node": ">=6.9.0"
      }
    },
    "node_modules/@eslint/js": {
      "resolved": "../../node_modules/.pnpm/@eslint+js@9.18.0/node_modules/@eslint/js",
      "link": true
    },
    "node_modules/@jridgewell/sourcemap-codec": {
      "version": "1.5.0",
      "resolved": "https://registry.npmjs.org/@jridgewell/sourcemap-codec/-/sourcemap-codec-1.5.0.tgz",
      "integrity": "sha512-gv3ZRaISU3fjPAgNsriBRqGWQL6quFx04YMPW/zD8XMLsU32mhCCbfbO6KZFLjvYpCZ8zyDEgqsgf+PwPaM7GQ==",
      "license": "MIT"
    },
    "node_modules/@pkgr/core": {
      "version": "0.1.1",
      "resolved": "https://registry.npmjs.org/@pkgr/core/-/core-0.1.1.tgz",
      "integrity": "sha512-cq8o4cWH0ibXh9VGi5P20Tu9XF/0fFXl9EUinr9QfTM7a7p0oTA4iJRCQWppXR1Pg8dSM0UCItCkPwsk9qWWYA==",
      "dev": true,
      "license": "MIT",
      "engines": {
        "node": "^12.20.0 || ^14.18.0 || >=16.0.0"
      },
      "funding": {
        "url": "https://opencollective.com/unts"
      }
    },
    "node_modules/@typescript-eslint/eslint-plugin": {
      "resolved": "../../node_modules/.pnpm/@typescript-eslint+eslint-plugin@8.21.0_@typescript-eslint+parser@8.21.0_eslint@9.18.0_jiti@2_g6j5c75boy27uik35ipferscsy/node_modules/@typescript-eslint/eslint-plugin",
      "link": true
    },
    "node_modules/@typescript-eslint/parser": {
      "resolved": "../../node_modules/.pnpm/@typescript-eslint+parser@8.21.0_eslint@9.18.0_jiti@2.4.2__typescript@5.7.3/node_modules/@typescript-eslint/parser",
      "link": true
    },
    "node_modules/@vue/compiler-core": {
      "version": "3.5.13",
      "resolved": "https://registry.npmjs.org/@vue/compiler-core/-/compiler-core-3.5.13.tgz",
      "integrity": "sha512-oOdAkwqUfW1WqpwSYJce06wvt6HljgY3fGeM9NcVA1HaYOij3mZG9Rkysn0OHuyUAGMbEbARIpsG+LPVlBJ5/Q==",
      "license": "MIT",
      "dependencies": {
        "@babel/parser": "^7.25.3",
        "@vue/shared": "3.5.13",
        "entities": "^4.5.0",
        "estree-walker": "^2.0.2",
        "source-map-js": "^1.2.0"
      }
    },
    "node_modules/@vue/compiler-dom": {
      "version": "3.5.13",
      "resolved": "https://registry.npmjs.org/@vue/compiler-dom/-/compiler-dom-3.5.13.tgz",
      "integrity": "sha512-ZOJ46sMOKUjO3e94wPdCzQ6P1Lx/vhp2RSvfaab88Ajexs0AHeV0uasYhi99WPaogmBlRHNRuly8xV75cNTMDA==",
      "license": "MIT",
      "dependencies": {
        "@vue/compiler-core": "3.5.13",
        "@vue/shared": "3.5.13"
      }
    },
    "node_modules/@vue/compiler-sfc": {
      "version": "3.5.13",
      "resolved": "https://registry.npmjs.org/@vue/compiler-sfc/-/compiler-sfc-3.5.13.tgz",
      "integrity": "sha512-6VdaljMpD82w6c2749Zhf5T9u5uLBWKnVue6XWxprDobftnletJ8+oel7sexFfM3qIxNmVE7LSFGTpv6obNyaQ==",
      "license": "MIT",
      "dependencies": {
        "@babel/parser": "^7.25.3",
        "@vue/compiler-core": "3.5.13",
        "@vue/compiler-dom": "3.5.13",
        "@vue/compiler-ssr": "3.5.13",
        "@vue/shared": "3.5.13",
        "estree-walker": "^2.0.2",
        "magic-string": "^0.30.11",
        "postcss": "^8.4.48",
        "source-map-js": "^1.2.0"
      }
    },
    "node_modules/@vue/compiler-ssr": {
      "version": "3.5.13",
      "resolved": "https://registry.npmjs.org/@vue/compiler-ssr/-/compiler-ssr-3.5.13.tgz",
      "integrity": "sha512-wMH6vrYHxQl/IybKJagqbquvxpWCuVYpoUJfCqFZwa/JY1GdATAQ+TgVtgrwwMZ0D07QhA99rs/EAAWfvG6KpA==",
      "license": "MIT",
      "dependencies": {
        "@vue/compiler-dom": "3.5.13",
        "@vue/shared": "3.5.13"
      }
    },
    "node_modules/@vue/devtools-api": {
      "version": "6.6.4",
      "resolved": "https://registry.npmjs.org/@vue/devtools-api/-/devtools-api-6.6.4.tgz",
      "integrity": "sha512-sGhTPMuXqZ1rVOk32RylztWkfXTRhuS7vgAKv0zjqk8gbsHkJ7xfFf+jbySxt7tWObEJwyKaHMikV/WGDiQm8g==",
      "license": "MIT"
    },
    "node_modules/@vue/reactivity": {
      "version": "3.5.13",
      "resolved": "https://registry.npmjs.org/@vue/reactivity/-/reactivity-3.5.13.tgz",
      "integrity": "sha512-NaCwtw8o48B9I6L1zl2p41OHo/2Z4wqYGGIK1Khu5T7yxrn+ATOixn/Udn2m+6kZKB/J7cuT9DbWWhRxqixACg==",
      "license": "MIT",
      "dependencies": {
        "@vue/shared": "3.5.13"
      }
    },
    "node_modules/@vue/runtime-core": {
      "version": "3.5.13",
      "resolved": "https://registry.npmjs.org/@vue/runtime-core/-/runtime-core-3.5.13.tgz",
      "integrity": "sha512-Fj4YRQ3Az0WTZw1sFe+QDb0aXCerigEpw418pw1HBUKFtnQHWzwojaukAs2X/c9DQz4MQ4bsXTGlcpGxU/RCIw==",
      "license": "MIT",
      "dependencies": {
        "@vue/reactivity": "3.5.13",
        "@vue/shared": "3.5.13"
      }
    },
    "node_modules/@vue/runtime-dom": {
      "version": "3.5.13",
      "resolved": "https://registry.npmjs.org/@vue/runtime-dom/-/runtime-dom-3.5.13.tgz",
      "integrity": "sha512-dLaj94s93NYLqjLiyFzVs9X6dWhTdAlEAciC3Moq7gzAc13VJUdCnjjRurNM6uTLFATRHexHCTu/Xp3eW6yoog==",
      "license": "MIT",
      "dependencies": {
        "@vue/reactivity": "3.5.13",
        "@vue/runtime-core": "3.5.13",
        "@vue/shared": "3.5.13",
        "csstype": "^3.1.3"
      }
    },
    "node_modules/@vue/server-renderer": {
      "version": "3.5.13",
      "resolved": "https://registry.npmjs.org/@vue/server-renderer/-/server-renderer-3.5.13.tgz",
      "integrity": "sha512-wAi4IRJV/2SAW3htkTlB+dHeRmpTiVIK1OGLWV1yeStVSebSQQOwGwIq0D3ZIoBj2C2qpgz5+vX9iEBkTdk5YA==",
      "license": "MIT",
      "dependencies": {
        "@vue/compiler-ssr": "3.5.13",
        "@vue/shared": "3.5.13"
      },
      "peerDependencies": {
        "vue": "3.5.13"
      }
    },
    "node_modules/@vue/shared": {
      "version": "3.5.13",
      "resolved": "https://registry.npmjs.org/@vue/shared/-/shared-3.5.13.tgz",
      "integrity": "sha512-/hnE/qP5ZoGpol0a5mDi45bOd7t3tjYJBjsgCsivow7D48cJeV5l05RD82lPqi7gRiphZM37rnhW1l6ZoCNNnQ==",
      "license": "MIT"
    },
    "node_modules/csstype": {
      "version": "3.1.3",
      "resolved": "https://registry.npmjs.org/csstype/-/csstype-3.1.3.tgz",
      "integrity": "sha512-M1uQkMl8rQK/szD0LNhtqxIPLpimGm8sOBwU7lLnCpSbTyY3yeU1Vc7l4KT5zT4s/yOxHH5O7tIuuLOCnLADRw==",
      "license": "MIT"
    },
    "node_modules/entities": {
      "version": "4.5.0",
      "resolved": "https://registry.npmjs.org/entities/-/entities-4.5.0.tgz",
      "integrity": "sha512-V0hjH4dGPh9Ao5p0MoRY6BVqtwCjhz6vI5LT8AJ55H+4g9/4vbHx1I54fS0XuclLhDHArPQCiMjDxjaL8fPxhw==",
      "license": "BSD-2-Clause",
      "engines": {
        "node": ">=0.12"
      },
      "funding": {
        "url": "https://github.com/fb55/entities?sponsor=1"
      }
    },
    "node_modules/eslint": {
      "resolved": "../../node_modules/.pnpm/eslint@9.18.0_jiti@2.4.2/node_modules/eslint",
      "link": true
    },
    "node_modules/eslint-config-prettier": {
      "resolved": "../../node_modules/.pnpm/eslint-config-prettier@9.1.0_eslint@9.18.0_jiti@2.4.2_/node_modules/eslint-config-prettier",
      "link": true
    },
    "node_modules/eslint-plugin-prettier": {
      "resolved": "../../node_modules/.pnpm/eslint-plugin-prettier@5.2.3_@types+eslint@9.6.1_eslint-config-prettier@9.1.0_eslint@9.18.0_j_gu26dqs5qc6s4f5v5jlvpcnz2q/node_modules/eslint-plugin-prettier",
      "link": true
    },
    "node_modules/eslint-plugin-prettier-vue": {
      "version": "5.0.0",
      "resolved": "https://registry.npmjs.org/eslint-plugin-prettier-vue/-/eslint-plugin-prettier-vue-5.0.0.tgz",
      "integrity": "sha512-VsWmk/fftpjHBM7QFci0jZDLsc6Fh7jhenDHJ7Mbd/V0EMolcbezJRhtidE//3Liy5vEaVeX+U3skCQduWlmGA==",
      "dev": true,
      "license": "MIT",
      "dependencies": {
        "@vue/compiler-sfc": "^3.3.4",
        "picocolors": "^1.0.0",
        "prettier": "^3.0.2",
        "prettier-linter-helpers": "^1.0.0",
        "synckit": "^0.8.5"
      },
      "engines": {
        "node": ">=16"
      }
    },
    "node_modules/eslint-plugin-vue": {
      "resolved": "../../node_modules/.pnpm/eslint-plugin-vue@9.32.0_eslint@9.18.0_jiti@2.4.2_/node_modules/eslint-plugin-vue",
      "link": true
    },
    "node_modules/estree-walker": {
      "version": "2.0.2",
      "resolved": "https://registry.npmjs.org/estree-walker/-/estree-walker-2.0.2.tgz",
      "integrity": "sha512-Rfkk/Mp/DL7JVje3u18FxFujQlTNR2q6QfMSMB7AvCBx91NGj/ba3kCfza0f6dVDbw7YlRf/nDrn7pQrCCyQ/w==",
      "license": "MIT"
    },
    "node_modules/fast-diff": {
      "version": "1.3.0",
      "resolved": "https://registry.npmjs.org/fast-diff/-/fast-diff-1.3.0.tgz",
      "integrity": "sha512-VxPP4NqbUjj6MaAOafWeUn2cXWLcCtljklUtZf0Ind4XQ+QPtmA0b18zZy0jIQx+ExRVCR/ZQpBmik5lXshNsw==",
      "dev": true,
      "license": "Apache-2.0"
    },
    "node_modules/globals": {
      "resolved": "../../node_modules/.pnpm/globals@15.14.0/node_modules/globals",
      "link": true
    },
    "node_modules/magic-string": {
      "version": "0.30.17",
      "resolved": "https://registry.npmjs.org/magic-string/-/magic-string-0.30.17.tgz",
      "integrity": "sha512-sNPKHvyjVf7gyjwS4xGTaW/mCnF8wnjtifKBEhxfZ7E/S8tQ0rssrwGNn6q8JH/ohItJfSQp9mBtQYuTlH5QnA==",
      "license": "MIT",
      "dependencies": {
        "@jridgewell/sourcemap-codec": "^1.5.0"
      }
    },
    "node_modules/nanoid": {
      "version": "3.3.8",
      "resolved": "https://registry.npmjs.org/nanoid/-/nanoid-3.3.8.tgz",
      "integrity": "sha512-WNLf5Sd8oZxOm+TzppcYk8gVOgP+l58xNy58D0nbUnOxOWRWvlcCV4kUF7ltmI6PsrLl/BgKEyS4mqsGChFN0w==",
      "funding": [
        {
          "type": "github",
          "url": "https://github.com/sponsors/ai"
        }
      ],
      "license": "MIT",
      "bin": {
        "nanoid": "bin/nanoid.cjs"
      },
      "engines": {
        "node": "^10 || ^12 || ^13.7 || ^14 || >=15.0.1"
      }
    },
    "node_modules/nuxt": {
      "resolved": "../../node_modules/.pnpm/nuxt@3.15.2_@parcel+watcher@2.5.0_@types+node@20.17.16_db0@0.2.1_eslint@9.18.0_jiti@2.4.2__io_aru2fehlqt7amlovcvvorp2tb4/node_modules/nuxt",
      "link": true
    },
    "node_modules/picocolors": {
      "version": "1.1.1",
      "resolved": "https://registry.npmjs.org/picocolors/-/picocolors-1.1.1.tgz",
      "integrity": "sha512-xceH2snhtb5M9liqDsmEw56le376mTZkEX/jEb/RxNFyegNul7eNslCXP9FDj/Lcu0X8KEyMceP2ntpaHrDEVA==",
      "license": "ISC"
    },
    "node_modules/postcss": {
      "version": "8.5.1",
      "resolved": "https://registry.npmjs.org/postcss/-/postcss-8.5.1.tgz",
      "integrity": "sha512-6oz2beyjc5VMn/KV1pPw8fliQkhBXrVn1Z3TVyqZxU8kZpzEKhBdmCFqI6ZbmGtamQvQGuU1sgPTk8ZrXDD7jQ==",
      "funding": [
        {
          "type": "opencollective",
          "url": "https://opencollective.com/postcss/"
        },
        {
          "type": "tidelift",
          "url": "https://tidelift.com/funding/github/npm/postcss"
        },
        {
          "type": "github",
          "url": "https://github.com/sponsors/ai"
        }
      ],
      "license": "MIT",
      "dependencies": {
        "nanoid": "^3.3.8",
        "picocolors": "^1.1.1",
        "source-map-js": "^1.2.1"
      },
      "engines": {
        "node": "^10 || ^12 || >=14"
      }
    },
    "node_modules/prettier": {
      "resolved": "../../node_modules/.pnpm/prettier@3.4.2/node_modules/prettier",
      "link": true
    },
    "node_modules/prettier-linter-helpers": {
      "version": "1.0.0",
      "resolved": "https://registry.npmjs.org/prettier-linter-helpers/-/prettier-linter-helpers-1.0.0.tgz",
      "integrity": "sha512-GbK2cP9nraSSUF9N2XwUwqfzlAFlMNYYl+ShE/V+H8a9uNl/oUqB1w2EL54Jh0OlyRSd8RfWYJ3coVS4TROP2w==",
      "dev": true,
      "license": "MIT",
      "dependencies": {
        "fast-diff": "^1.1.2"
      },
      "engines": {
        "node": ">=6.0.0"
      }
    },
    "node_modules/source-map-js": {
      "version": "1.2.1",
      "resolved": "https://registry.npmjs.org/source-map-js/-/source-map-js-1.2.1.tgz",
      "integrity": "sha512-UXWMKhLOwVKb728IUtQPXxfYU+usdybtUrK/8uGE8CQMvrhOpwvzDBwj0QhSL7MQc7vIsISBG8VQ8+IDQxpfQA==",
      "license": "BSD-3-Clause",
      "engines": {
        "node": ">=0.10.0"
      }
    },
    "node_modules/synckit": {
      "version": "0.8.8",
      "resolved": "https://registry.npmjs.org/synckit/-/synckit-0.8.8.tgz",
      "integrity": "sha512-HwOKAP7Wc5aRGYdKH+dw0PRRpbO841v2DENBtjnR5HFWoiNByAl7vrx3p0G/rCyYXQsrxqtX48TImFtPcIHSpQ==",
      "dev": true,
      "license": "MIT",
      "dependencies": {
        "@pkgr/core": "^0.1.0",
        "tslib": "^2.6.2"
      },
      "engines": {
        "node": "^14.18.0 || >=16.0.0"
      },
      "funding": {
        "url": "https://opencollective.com/unts"
      }
    },
    "node_modules/tslib": {
      "version": "2.8.1",
      "resolved": "https://registry.npmjs.org/tslib/-/tslib-2.8.1.tgz",
      "integrity": "sha512-oJFu94HQb+KVduSUQL7wnpmqnfmLsOA/nAh6b6EH0wCEoK0/mPeXU6c3wKDV83MkOuHPRHtSXKKU99IBazS/2w==",
      "dev": true,
      "license": "0BSD"
    },
    "node_modules/typescript": {
      "resolved": "../../node_modules/.pnpm/typescript@5.7.3/node_modules/typescript",
      "link": true
    },
    "node_modules/typescript-eslint": {
      "resolved": "../../node_modules/.pnpm/typescript-eslint@8.21.0_eslint@9.18.0_jiti@2.4.2__typescript@5.7.3/node_modules/typescript-eslint",
      "link": true
    },
    "node_modules/vue": {
      "version": "3.5.13",
      "resolved": "https://registry.npmjs.org/vue/-/vue-3.5.13.tgz",
      "integrity": "sha512-wmeiSMxkZCSc+PM2w2VRsOYAZC8GdipNFRTsLSfodVqI9mbejKeXEGr8SckuLnrQPGe3oJN5c3K0vpoU9q/wCQ==",
      "license": "MIT",
      "dependencies": {
        "@vue/compiler-dom": "3.5.13",
        "@vue/compiler-sfc": "3.5.13",
        "@vue/runtime-dom": "3.5.13",
        "@vue/server-renderer": "3.5.13",
        "@vue/shared": "3.5.13"
      },
      "peerDependencies": {
        "typescript": "*"
      },
      "peerDependenciesMeta": {
        "typescript": {
          "optional": true
        }
      }
    },
    "node_modules/vue-router": {
      "version": "4.5.0",
      "resolved": "https://registry.npmjs.org/vue-router/-/vue-router-4.5.0.tgz",
      "integrity": "sha512-HDuk+PuH5monfNuY+ct49mNmkCRK4xJAV9Ts4z9UFc4rzdDnxQLyCMGGc8pKhZhHTVzfanpNwB/lwqevcBwI4w==",
      "license": "MIT",
      "dependencies": {
        "@vue/devtools-api": "^6.6.4"
      },
      "funding": {
        "url": "https://github.com/sponsors/posva"
      },
      "peerDependencies": {
        "vue": "^3.2.0"
      }
    }
  }
}
